
Microsoft Visual Studio Solution File, Format Version 12.00
# Visual Studio 15
VisualStudioVersion = 15.0.28307.421
MinimumVisualStudioVersion = 10.0.40219.1
Project("{FAE04EC0-301F-11D3-BF4B-00C04F79EFBC}") = "INIToXmlLib", "INIToXmlLib\INIToXmlLib.csproj", "{73783A79-5B4D-4C43-9910-3A88D35FFFD0}"
EndProject
Global
	GlobalSection(SolutionConfigurationPlatforms) = preSolution
		Debug|Any CPU = Debug|Any CPU
		Release|Any CPU = Release|Any CPU
	EndGlobalSection
	GlobalSection(ProjectConfigurationPlatforms) = postSolution
		{73783A79-5B4D-4C43-9910-3A88D35FFFD0}.Debug|Any CPU.ActiveCfg = Debug|Any CPU
		{73783A79-5B4D-4C43-9910-3A88D35FFFD0}.Debug|Any CPU.Build.0 = Debug|Any CPU
		{73783A79-5B4D-4C43-9910-3A88D35FFFD0}.Release|Any CPU.ActiveCfg = Release|Any CPU
		{73783A79-5B4D-4C43-9910-3A88D35FFFD0}.Release|Any CPU.Build.0 = Release|Any CPU
	EndGlobalSection
	GlobalSection(SolutionProperties) = preSolution
		HideSolutionNode = FALSE
	EndGlobalSection
	GlobalSection(ExtensibilityGlobals) = postSolution
		SolutionGuid = {CEA562DB-A4EE-4856-B99B-1A84783B45C7}
	EndGlobalSection
EndGlobal
